
Microsoft Visual Studio Solution File, Format Version 12.00
# Visual Studio Version 17
VisualStudioVersion = 17.9.34607.119
MinimumVisualStudioVersion = 10.0.40219.1
Project("{FAE04EC0-301F-11D3-BF4B-00C04F79EFBC}") = "ThreadRunner", "ThreadRunner.csproj", "{05B7A9B6-EF5F-4756-845F-37B2713E2A06}"
EndProject
Global
	GlobalSection(SolutionConfigurationPlatforms) = preSolution
		Debug|Any CPU = Debug|Any CPU
		Release|Any CPU = Release|Any CPU
	EndGlobalSection
	GlobalSection(ProjectConfigurationPlatforms) = postSolution
		{05B7A9B6-EF5F-4756-845F-37B2713E2A06}.Debug|Any CPU.ActiveCfg = Debug|Any CPU
		{05B7A9B6-EF5F-4756-845F-37B2713E2A06}.Debug|Any CPU.Build.0 = Debug|Any CPU
		{05B7A9B6-EF5F-4756-845F-37B2713E2A06}.Release|Any CPU.ActiveCfg = Release|Any CPU
		{05B7A9B6-EF5F-4756-845F-37B2713E2A06}.Release|Any CPU.Build.0 = Release|Any CPU
	EndGlobalSection
	GlobalSection(SolutionProperties) = preSolution
		HideSolutionNode = FALSE
	EndGlobalSection
	GlobalSection(ExtensibilityGlobals) = postSolution
		SolutionGuid = {489AD427-5094-46AC-BD5C-48EDFB7F4B78}
	EndGlobalSection
EndGlobal
